// !$*UTF8*$!
{
	archiveVersion = 1;
	classes = {
	};
	objectVersion = 46;
	objects = {

/* Begin PBXBuildFile section */
		8C37722D1363A22C005D9E41 /* UIKit.framework in Frameworks */ = {isa = PBXBuildFile; fileRef = 8C37722C1363A22C005D9E41 /* UIKit.framework */; };
		8C37722F1363A22C005D9E41 /* Foundation.framework in Frameworks */ = {isa = PBXBuildFile; fileRef = 8C37722E1363A22C005D9E41 /* Foundation.framework */; };
		8C3772311363A22C005D9E41 /* CoreGraphics.framework in Frameworks */ = {isa = PBXBuildFile; fileRef = 8C3772301363A22C005D9E41 /* CoreGraphics.framework */; };
		8C3772371363A22C005D9E41 /* InfoPlist.strings in Resources */ = {isa = PBXBuildFile; fileRef = 8C3772351363A22C005D9E41 /* InfoPlist.strings */; };
		8C37723A1363A22C005D9E41 /* main.m in Sources */ = {isa = PBXBuildFile; fileRef = 8C3772391363A22C005D9E41 /* main.m */; };
		8C37723D1363A22C005D9E41 /* GridMonsterAppDelegate.m in Sources */ = {isa = PBXBuildFile; fileRef = 8C37723C1363A22C005D9E41 /* GridMonsterAppDelegate.m */; };
		8C3772401363A22C005D9E41 /* MainWindow.xib in Resources */ = {isa = PBXBuildFile; fileRef = 8C37723E1363A22C005D9E41 /* MainWindow.xib */; };
		8C3772431363A22C005D9E41 /* GridMonsterViewController.m in Sources */ = {isa = PBXBuildFile; fileRef = 8C3772421363A22C005D9E41 /* GridMonsterViewController.m */; };
		8C3772461363A22C005D9E41 /* GridMonsterViewController.xib in Resources */ = {isa = PBXBuildFile; fileRef = 8C3772441363A22C005D9E41 /* GridMonsterViewController.xib */; };
		8C37725C1363A307005D9E41 /* OHGridView.m in Sources */ = {isa = PBXBuildFile; fileRef = 8C37725A1363A307005D9E41 /* OHGridView.m */; };
		8C3772611363A32F005D9E41 /* MMGridViewCell.m in Sources */ = {isa = PBXBuildFile; fileRef = 8C37725D1363A32F005D9E41 /* MMGridViewCell.m */; };
		8C3772621363A32F005D9E41 /* MMGridView.m in Sources */ = {isa = PBXBuildFile; fileRef = 8C37725F1363A32F005D9E41 /* MMGridView.m */; };
		8C3772651363A339005D9E41 /* MMGridViewDefaultCell.m in Sources */ = {isa = PBXBuildFile; fileRef = 8C3772631363A339005D9E41 /* MMGridViewDefaultCell.m */; };
		8C37726E1363A356005D9E41 /* CHTileView.m in Sources */ = {isa = PBXBuildFile; fileRef = 8C3772661363A356005D9E41 /* CHTileView.m */; };
		8C37726F1363A356005D9E41 /* CHSectionHeaderView.m in Sources */ = {isa = PBXBuildFile; fileRef = 8C3772681363A356005D9E41 /* CHSectionHeaderView.m */; };
		8C3772701363A356005D9E41 /* CHImageTileView.m in Sources */ = {isa = PBXBuildFile; fileRef = 8C37726A1363A356005D9E41 /* CHImageTileView.m */; };
		8C3772711363A356005D9E41 /* CHGridView.m in Sources */ = {isa = PBXBuildFile; fileRef = 8C37726C1363A356005D9E41 /* CHGridView.m */; };
		8C3772791363A35F005D9E41 /* CHGridLayout.m in Sources */ = {isa = PBXBuildFile; fileRef = 8C3772741363A35F005D9E41 /* CHGridLayout.m */; };
		8C37727A1363A35F005D9E41 /* CHGridLayoutSection.m in Sources */ = {isa = PBXBuildFile; fileRef = 8C3772761363A35F005D9E41 /* CHGridLayoutSection.m */; };
		8C37727B1363A35F005D9E41 /* CHGridLayoutTile.m in Sources */ = {isa = PBXBuildFile; fileRef = 8C3772781363A35F005D9E41 /* CHGridLayoutTile.m */; };
		8C3772931363A372005D9E41 /* UIColor+AQGridView.m in Sources */ = {isa = PBXBuildFile; fileRef = 8C37727C1363A372005D9E41 /* UIColor+AQGridView.m */; };
		8C3772941363A372005D9E41 /* NSIndexSet+AQIsSetContiguous.m in Sources */ = {isa = PBXBuildFile; fileRef = 8C37727E1363A372005D9E41 /* NSIndexSet+AQIsSetContiguous.m */; };
		8C3772951363A372005D9E41 /* NSIndexSet+AQIndexesOutsideSet.m in Sources */ = {isa = PBXBuildFile; fileRef = 8C3772801363A372005D9E41 /* NSIndexSet+AQIndexesOutsideSet.m */; };
		8C3772961363A372005D9E41 /* AQGridViewUpdateItem.m in Sources */ = {isa = PBXBuildFile; fileRef = 8C3772821363A372005D9E41 /* AQGridViewUpdateItem.m */; };
		8C3772971363A372005D9E41 /* AQGridViewUpdateInfo.m in Sources */ = {isa = PBXBuildFile; fileRef = 8C3772841363A372005D9E41 /* AQGridViewUpdateInfo.m */; };
		8C3772981363A372005D9E41 /* AQGridViewData.m in Sources */ = {isa = PBXBuildFile; fileRef = 8C3772861363A372005D9E41 /* AQGridViewData.m */; };
		8C3772991363A372005D9E41 /* AQGridViewController.m in Sources */ = {isa = PBXBuildFile; fileRef = 8C3772881363A372005D9E41 /* AQGridViewController.m */; };
		8C37729A1363A372005D9E41 /* AQGridViewCell.m in Sources */ = {isa = PBXBuildFile; fileRef = 8C37728B1363A372005D9E41 /* AQGridViewCell.m */; };
		8C37729B1363A372005D9E41 /* AQGridViewAnimatorItem.m in Sources */ = {isa = PBXBuildFile; fileRef = 8C37728D1363A372005D9E41 /* AQGridViewAnimatorItem.m */; };
		8C37729C1363A372005D9E41 /* AQGridView.m in Sources */ = {isa = PBXBuildFile; fileRef = 8C3772911363A372005D9E41 /* AQGridView.m */; };
		8C37729E1363A392005D9E41 /* QuartzCore.framework in Frameworks */ = {isa = PBXBuildFile; fileRef = 8C37729D1363A392005D9E41 /* QuartzCore.framework */; };
/* End PBXBuildFile section */

/* Begin PBXFileReference section */
		8C3772281363A22C005D9E41 /* GridMonster.app */ = {isa = PBXFileReference; explicitFileType = wrapper.application; includeInIndex = 0; path = GridMonster.app; sourceTree = BUILT_PRODUCTS_DIR; };
		8C37722C1363A22C005D9E41 /* UIKit.framework */ = {isa = PBXFileReference; lastKnownFileType = wrapper.framework; name = UIKit.framework; path = System/Library/Frameworks/UIKit.framework; sourceTree = SDKROOT; };
		8C37722E1363A22C005D9E41 /* Foundation.framework */ = {isa = PBXFileReference; lastKnownFileType = wrapper.framework; name = Foundation.framework; path = System/Library/Frameworks/Foundation.framework; sourceTree = SDKROOT; };
		8C3772301363A22C005D9E41 /* CoreGraphics.framework */ = {isa = PBXFileReference; lastKnownFileType = wrapper.framework; name = CoreGraphics.framework; path = System/Library/Frameworks/CoreGraphics.framework; sourceTree = SDKROOT; };
		8C3772341363A22C005D9E41 /* GridMonster-Info.plist */ = {isa = PBXFileReference; lastKnownFileType = text.plist.xml; path = "GridMonster-Info.plist"; sourceTree = "<group>"; };
		8C3772361363A22C005D9E41 /* en */ = {isa = PBXFileReference; lastKnownFileType = text.plist.strings; name = en; path = en.lproj/InfoPlist.strings; sourceTree = "<group>"; };
		8C3772381363A22C005D9E41 /* GridMonster-Prefix.pch */ = {isa = PBXFileReference; lastKnownFileType = sourcecode.c.h; path = "GridMonster-Prefix.pch"; sourceTree = "<group>"; };
		8C3772391363A22C005D9E41 /* main.m */ = {isa = PBXFileReference; lastKnownFileType = sourcecode.c.objc; path = main.m; sourceTree = "<group>"; };
		8C37723B1363A22C005D9E41 /* GridMonsterAppDelegate.h */ = {isa = PBXFileReference; lastKnownFileType = sourcecode.c.h; path = GridMonsterAppDelegate.h; sourceTree = "<group>"; };
		8C37723C1363A22C005D9E41 /* GridMonsterAppDelegate.m */ = {isa = PBXFileReference; lastKnownFileType = sourcecode.c.objc; path = GridMonsterAppDelegate.m; sourceTree = "<group>"; };
		8C37723F1363A22C005D9E41 /* en */ = {isa = PBXFileReference; lastKnownFileType = file.xib; name = en; path = en.lproj/MainWindow.xib; sourceTree = "<group>"; };
		8C3772411363A22C005D9E41 /* GridMonsterViewController.h */ = {isa = PBXFileReference; lastKnownFileType = sourcecode.c.h; path = GridMonsterViewController.h; sourceTree = "<group>"; };
		8C3772421363A22C005D9E41 /* GridMonsterViewController.m */ = {isa = PBXFileReference; lastKnownFileType = sourcecode.c.objc; path = GridMonsterViewController.m; sourceTree = "<group>"; };
		8C3772451363A22C005D9E41 /* en */ = {isa = PBXFileReference; lastKnownFileType = file.xib; name = en; path = en.lproj/GridMonsterViewController.xib; sourceTree = "<group>"; };
		8C37725A1363A307005D9E41 /* OHGridView.m */ = {isa = PBXFileReference; fileEncoding = 4; lastKnownFileType = sourcecode.c.objc; path = OHGridView.m; sourceTree = "<group>"; };
		8C37725B1363A307005D9E41 /* OHGridView.h */ = {isa = PBXFileReference; fileEncoding = 4; lastKnownFileType = sourcecode.c.h; path = OHGridView.h; sourceTree = "<group>"; };
		8C37725D1363A32F005D9E41 /* MMGridViewCell.m */ = {isa = PBXFileReference; fileEncoding = 4; lastKnownFileType = sourcecode.c.objc; name = MMGridViewCell.m; path = MMGridView/Classes/MMGridViewCell.m; sourceTree = "<group>"; };
		8C37725E1363A32F005D9E41 /* MMGridViewCell.h */ = {isa = PBXFileReference; fileEncoding = 4; lastKnownFileType = sourcecode.c.h; name = MMGridViewCell.h; path = MMGridView/Classes/MMGridViewCell.h; sourceTree = "<group>"; };
		8C37725F1363A32F005D9E41 /* MMGridView.m */ = {isa = PBXFileReference; fileEncoding = 4; lastKnownFileType = sourcecode.c.objc; name = MMGridView.m; path = MMGridView/Classes/MMGridView.m; sourceTree = "<group>"; };
		8C3772601363A32F005D9E41 /* MMGridView.h */ = {isa = PBXFileReference; fileEncoding = 4; lastKnownFileType = sourcecode.c.h; name = MMGridView.h; path = MMGridView/Classes/MMGridView.h; sourceTree = "<group>"; };
		8C3772631363A339005D9E41 /* MMGridViewDefaultCell.m */ = {isa = PBXFileReference; fileEncoding = 4; lastKnownFileType = sourcecode.c.objc; name = MMGridViewDefaultCell.m; path = MMGridView/MMGridViewDefaultCell.m; sourceTree = "<group>"; };
		8C3772641363A339005D9E41 /* MMGridViewDefaultCell.h */ = {isa = PBXFileReference; fileEncoding = 4; lastKnownFileType = sourcecode.c.h; name = MMGridViewDefaultCell.h; path = MMGridView/MMGridViewDefaultCell.h; sourceTree = "<group>"; };
		8C3772661363A356005D9E41 /* CHTileView.m */ = {isa = PBXFileReference; fileEncoding = 4; lastKnownFileType = sourcecode.c.objc; path = CHTileView.m; sourceTree = "<group>"; };
		8C3772671363A356005D9E41 /* CHTileView.h */ = {isa = PBXFileReference; fileEncoding = 4; lastKnownFileType = sourcecode.c.h; path = CHTileView.h; sourceTree = "<group>"; };
		8C3772681363A356005D9E41 /* CHSectionHeaderView.m */ = {isa = PBXFileReference; fileEncoding = 4; lastKnownFileType = sourcecode.c.objc; path = CHSectionHeaderView.m; sourceTree = "<group>"; };
		8C3772691363A356005D9E41 /* CHSectionHeaderView.h */ = {isa = PBXFileReference; fileEncoding = 4; lastKnownFileType = sourcecode.c.h; path = CHSectionHeaderView.h; sourceTree = "<group>"; };
		8C37726A1363A356005D9E41 /* CHImageTileView.m */ = {isa = PBXFileReference; fileEncoding = 4; lastKnownFileType = sourcecode.c.objc; path = CHImageTileView.m; sourceTree = "<group>"; };
		8C37726B1363A356005D9E41 /* CHImageTileView.h */ = {isa = PBXFileReference; fileEncoding = 4; lastKnownFileType = sourcecode.c.h; path = CHImageTileView.h; sourceTree = "<group>"; };
		8C37726C1363A356005D9E41 /* CHGridView.m */ = {isa = PBXFileReference; fileEncoding = 4; lastKnownFileType = sourcecode.c.objc; path = CHGridView.m; sourceTree = "<group>"; };
		8C37726D1363A356005D9E41 /* CHGridView.h */ = {isa = PBXFileReference; fileEncoding = 4; lastKnownFileType = sourcecode.c.h; path = CHGridView.h; sourceTree = "<group>"; };
		8C3772731363A35F005D9E41 /* CHGridLayout.h */ = {isa = PBXFileReference; fileEncoding = 4; lastKnownFileType = sourcecode.c.h; path = CHGridLayout.h; sourceTree = "<group>"; };
		8C3772741363A35F005D9E41 /* CHGridLayout.m */ = {isa = PBXFileReference; fileEncoding = 4; lastKnownFileType = sourcecode.c.objc; path = CHGridLayout.m; sourceTree = "<group>"; };
		8C3772751363A35F005D9E41 /* CHGridLayoutSection.h */ = {isa = PBXFileReference; fileEncoding = 4; lastKnownFileType = sourcecode.c.h; path = CHGridLayoutSection.h; sourceTree = "<group>"; };
		8C3772761363A35F005D9E41 /* CHGridLayoutSection.m */ = {isa = PBXFileReference; fileEncoding = 4; lastKnownFileType = sourcecode.c.objc; path = CHGridLayoutSection.m; sourceTree = "<group>"; };
		8C3772771363A35F005D9E41 /* CHGridLayoutTile.h */ = {isa = PBXFileReference; fileEncoding = 4; lastKnownFileType = sourcecode.c.h; path = CHGridLayoutTile.h; sourceTree = "<group>"; };
		8C3772781363A35F005D9E41 /* CHGridLayoutTile.m */ = {isa = PBXFileReference; fileEncoding = 4; lastKnownFileType = sourcecode.c.objc; path = CHGridLayoutTile.m; sourceTree = "<group>"; };
		8C37727C1363A372005D9E41 /* UIColor+AQGridView.m */ = {isa = PBXFileReference; fileEncoding = 4; lastKnownFileType = sourcecode.c.objc; name = "UIColor+AQGridView.m"; path = "Classes/UIColor+AQGridView.m"; sourceTree = "<group>"; };
		8C37727D1363A372005D9E41 /* UIColor+AQGridView.h */ = {isa = PBXFileReference; fileEncoding = 4; lastKnownFileType = sourcecode.c.h; name = "UIColor+AQGridView.h"; path = "Classes/UIColor+AQGridView.h"; sourceTree = "<group>"; };
		8C37727E1363A372005D9E41 /* NSIndexSet+AQIsSetContiguous.m */ = {isa = PBXFileReference; fileEncoding = 4; lastKnownFileType = sourcecode.c.objc; name = "NSIndexSet+AQIsSetContiguous.m"; path = "Classes/NSIndexSet+AQIsSetContiguous.m"; sourceTree = "<group>"; };
		8C37727F1363A372005D9E41 /* NSIndexSet+AQIsSetContiguous.h */ = {isa = PBXFileReference; fileEncoding = 4; lastKnownFileType = sourcecode.c.h; name = "NSIndexSet+AQIsSetContiguous.h"; path = "Classes/NSIndexSet+AQIsSetContiguous.h"; sourceTree = "<group>"; };
		8C3772801363A372005D9E41 /* NSIndexSet+AQIndexesOutsideSet.m */ = {isa = PBXFileReference; fileEncoding = 4; lastKnownFileType = sourcecode.c.objc; name = "NSIndexSet+AQIndexesOutsideSet.m"; path = "Classes/NSIndexSet+AQIndexesOutsideSet.m"; sourceTree = "<group>"; };
		8C3772811363A372005D9E41 /* NSIndexSet+AQIndexesOutsideSet.h */ = {isa = PBXFileReference; fileEncoding = 4; lastKnownFileType = sourcecode.c.h; name = "NSIndexSet+AQIndexesOutsideSet.h"; path = "Classes/NSIndexSet+AQIndexesOutsideSet.h"; sourceTree = "<group>"; };
		8C3772821363A372005D9E41 /* AQGridViewUpdateItem.m */ = {isa = PBXFileReference; fileEncoding = 4; lastKnownFileType = sourcecode.c.objc; name = AQGridViewUpdateItem.m; path = Classes/AQGridViewUpdateItem.m; sourceTree = "<group>"; };
		8C3772831363A372005D9E41 /* AQGridViewUpdateItem.h */ = {isa = PBXFileReference; fileEncoding = 4; lastKnownFileType = sourcecode.c.h; name = AQGridViewUpdateItem.h; path = Classes/AQGridViewUpdateItem.h; sourceTree = "<group>"; };
		8C3772841363A372005D9E41 /* AQGridViewUpdateInfo.m */ = {isa = PBXFileReference; fileEncoding = 4; lastKnownFileType = sourcecode.c.objc; name = AQGridViewUpdateInfo.m; path = Classes/AQGridViewUpdateInfo.m; sourceTree = "<group>"; };
		8C3772851363A372005D9E41 /* AQGridViewUpdateInfo.h */ = {isa = PBXFileReference; fileEncoding = 4; lastKnownFileType = sourcecode.c.h; name = AQGridViewUpdateInfo.h; path = Classes/AQGridViewUpdateInfo.h; sourceTree = "<group>"; };
		8C3772861363A372005D9E41 /* AQGridViewData.m */ = {isa = PBXFileReference; fileEncoding = 4; lastKnownFileType = sourcecode.c.objc; name = AQGridViewData.m; path = Classes/AQGridViewData.m; sourceTree = "<group>"; };
		8C3772871363A372005D9E41 /* AQGridViewData.h */ = {isa = PBXFileReference; fileEncoding = 4; lastKnownFileType = sourcecode.c.h; name = AQGridViewData.h; path = Classes/AQGridViewData.h; sourceTree = "<group>"; };
		8C3772881363A372005D9E41 /* AQGridViewController.m */ = {isa = PBXFileReference; fileEncoding = 4; lastKnownFileType = sourcecode.c.objc; name = AQGridViewController.m; path = Classes/AQGridViewController.m; sourceTree = "<group>"; };
		8C3772891363A372005D9E41 /* AQGridViewController.h */ = {isa = PBXFileReference; fileEncoding = 4; lastKnownFileType = sourcecode.c.h; name = AQGridViewController.h; path = Classes/AQGridViewController.h; sourceTree = "<group>"; };
		8C37728A1363A372005D9E41 /* AQGridViewCell+AQGridViewCellPrivate.h */ = {isa = PBXFileReference; fileEncoding = 4; lastKnownFileType = sourcecode.c.h; name = "AQGridViewCell+AQGridViewCellPrivate.h"; path = "Classes/AQGridViewCell+AQGridViewCellPrivate.h"; sourceTree = "<group>"; };
		8C37728B1363A372005D9E41 /* AQGridViewCell.m */ = {isa = PBXFileReference; fileEncoding = 4; lastKnownFileType = sourcecode.c.objc; name = AQGridViewCell.m; path = Classes/AQGridViewCell.m; sourceTree = "<group>"; };
		8C37728C1363A372005D9E41 /* AQGridViewCell.h */ = {isa = PBXFileReference; fileEncoding = 4; lastKnownFileType = sourcecode.c.h; name = AQGridViewCell.h; path = Classes/AQGridViewCell.h; sourceTree = "<group>"; };
		8C37728D1363A372005D9E41 /* AQGridViewAnimatorItem.m */ = {isa = PBXFileReference; fileEncoding = 4; lastKnownFileType = sourcecode.c.objc; name = AQGridViewAnimatorItem.m; path = Classes/AQGridViewAnimatorItem.m; sourceTree = "<group>"; };
		8C37728E1363A372005D9E41 /* AQGridViewAnimatorItem.h */ = {isa = PBXFileReference; fileEncoding = 4; lastKnownFileType = sourcecode.c.h; name = AQGridViewAnimatorItem.h; path = Classes/AQGridViewAnimatorItem.h; sourceTree = "<group>"; };
		8C37728F1363A372005D9E41 /* AQGridView+CellLocationDelegation.h */ = {isa = PBXFileReference; fileEncoding = 4; lastKnownFileType = sourcecode.c.h; name = "AQGridView+CellLocationDelegation.h"; path = "Classes/AQGridView+CellLocationDelegation.h"; sourceTree = "<group>"; };
		8C3772901363A372005D9E41 /* AQGridView+CellLayout.h */ = {isa = PBXFileReference; fileEncoding = 4; lastKnownFileType = sourcecode.c.h; name = "AQGridView+CellLayout.h"; path = "Classes/AQGridView+CellLayout.h"; sourceTree = "<group>"; };
		8C3772911363A372005D9E41 /* AQGridView.m */ = {isa = PBXFileReference; fileEncoding = 4; lastKnownFileType = sourcecode.c.objc; name = AQGridView.m; path = Classes/AQGridView.m; sourceTree = "<group>"; };
		8C3772921363A372005D9E41 /* AQGridView.h */ = {isa = PBXFileReference; fileEncoding = 4; lastKnownFileType = sourcecode.c.h; name = AQGridView.h; path = Classes/AQGridView.h; sourceTree = "<group>"; };
		8C37729D1363A392005D9E41 /* QuartzCore.framework */ = {isa = PBXFileReference; lastKnownFileType = wrapper.framework; name = QuartzCore.framework; path = System/Library/Frameworks/QuartzCore.framework; sourceTree = SDKROOT; };
/* End PBXFileReference section */

/* Begin PBXFrameworksBuildPhase section */
		8C3772251363A22C005D9E41 /* Frameworks */ = {
			isa = PBXFrameworksBuildPhase;
			buildActionMask = 2147483647;
			files = (
				8C37729E1363A392005D9E41 /* QuartzCore.framework in Frameworks */,
				8C37722D1363A22C005D9E41 /* UIKit.framework in Frameworks */,
				8C37722F1363A22C005D9E41 /* Foundation.framework in Frameworks */,
				8C3772311363A22C005D9E41 /* CoreGraphics.framework in Frameworks */,
			);
			runOnlyForDeploymentPostprocessing = 0;
		};
/* End PBXFrameworksBuildPhase section */

/* Begin PBXGroup section */
		8C37721D1363A22B005D9E41 = {
			isa = PBXGroup;
			children = (
				8C3772321363A22C005D9E41 /* GridMonster */,
				8C37722B1363A22C005D9E41 /* Frameworks */,
				8C3772291363A22C005D9E41 /* Products */,
			);
			sourceTree = "<group>";
		};
		8C3772291363A22C005D9E41 /* Products */ = {
			isa = PBXGroup;
			children = (
				8C3772281363A22C005D9E41 /* GridMonster.app */,
			);
			name = Products;
			sourceTree = "<group>";
		};
		8C37722B1363A22C005D9E41 /* Frameworks */ = {
			isa = PBXGroup;
			children = (
				8C37729D1363A392005D9E41 /* QuartzCore.framework */,
				8C37722C1363A22C005D9E41 /* UIKit.framework */,
				8C37722E1363A22C005D9E41 /* Foundation.framework */,
				8C3772301363A22C005D9E41 /* CoreGraphics.framework */,
			);
			name = Frameworks;
			sourceTree = "<group>";
		};
		8C3772321363A22C005D9E41 /* GridMonster */ = {
			isa = PBXGroup;
			children = (
				8C3772541363A26B005D9E41 /* Grid Toolkits */,
				8C37723B1363A22C005D9E41 /* GridMonsterAppDelegate.h */,
				8C37723C1363A22C005D9E41 /* GridMonsterAppDelegate.m */,
				8C37723E1363A22C005D9E41 /* MainWindow.xib */,
				8C3772411363A22C005D9E41 /* GridMonsterViewController.h */,
				8C3772421363A22C005D9E41 /* GridMonsterViewController.m */,
				8C3772441363A22C005D9E41 /* GridMonsterViewController.xib */,
				8C3772331363A22C005D9E41 /* Supporting Files */,
			);
			path = GridMonster;
			sourceTree = "<group>";
		};
		8C3772331363A22C005D9E41 /* Supporting Files */ = {
			isa = PBXGroup;
			children = (
				8C3772341363A22C005D9E41 /* GridMonster-Info.plist */,
				8C3772351363A22C005D9E41 /* InfoPlist.strings */,
				8C3772381363A22C005D9E41 /* GridMonster-Prefix.pch */,
				8C3772391363A22C005D9E41 /* main.m */,
			);
			name = "Supporting Files";
			sourceTree = "<group>";
		};
		8C3772541363A26B005D9E41 /* Grid Toolkits */ = {
			isa = PBXGroup;
			children = (
				8C3772561363A292005D9E41 /* AQGridVIew */,
				8C3772571363A2A2005D9E41 /* CHGridView */,
				8C3772591363A2C8005D9E41 /* MMGridView */,
				8C3772581363A2B6005D9E41 /* OHGridView */,
			);
			name = "Grid Toolkits";
			path = "../grid-toolkits";
			sourceTree = "<group>";
		};
		8C3772561363A292005D9E41 /* AQGridVIew */ = {
			isa = PBXGroup;
			children = (
				8C37727C1363A372005D9E41 /* UIColor+AQGridView.m */,
				8C37727D1363A372005D9E41 /* UIColor+AQGridView.h */,
				8C37727E1363A372005D9E41 /* NSIndexSet+AQIsSetContiguous.m */,
				8C37727F1363A372005D9E41 /* NSIndexSet+AQIsSetContiguous.h */,
				8C3772801363A372005D9E41 /* NSIndexSet+AQIndexesOutsideSet.m */,
				8C3772811363A372005D9E41 /* NSIndexSet+AQIndexesOutsideSet.h */,
				8C3772821363A372005D9E41 /* AQGridViewUpdateItem.m */,
				8C3772831363A372005D9E41 /* AQGridViewUpdateItem.h */,
				8C3772841363A372005D9E41 /* AQGridViewUpdateInfo.m */,
				8C3772851363A372005D9E41 /* AQGridViewUpdateInfo.h */,
				8C3772861363A372005D9E41 /* AQGridViewData.m */,
				8C3772871363A372005D9E41 /* AQGridViewData.h */,
				8C3772881363A372005D9E41 /* AQGridViewController.m */,
				8C3772891363A372005D9E41 /* AQGridViewController.h */,
				8C37728A1363A372005D9E41 /* AQGridViewCell+AQGridViewCellPrivate.h */,
				8C37728B1363A372005D9E41 /* AQGridViewCell.m */,
				8C37728C1363A372005D9E41 /* AQGridViewCell.h */,
				8C37728D1363A372005D9E41 /* AQGridViewAnimatorItem.m */,
				8C37728E1363A372005D9E41 /* AQGridViewAnimatorItem.h */,
				8C37728F1363A372005D9E41 /* AQGridView+CellLocationDelegation.h */,
				8C3772901363A372005D9E41 /* AQGridView+CellLayout.h */,
				8C3772911363A372005D9E41 /* AQGridView.m */,
				8C3772921363A372005D9E41 /* AQGridView.h */,
			);
			name = AQGridVIew;
			path = AQGridView;
			sourceTree = "<group>";
		};
		8C3772571363A2A2005D9E41 /* CHGridView */ = {
			isa = PBXGroup;
			children = (
				8C3772721363A35F005D9E41 /* CHGridLayout */,
				8C3772661363A356005D9E41 /* CHTileView.m */,
				8C3772671363A356005D9E41 /* CHTileView.h */,
				8C3772681363A356005D9E41 /* CHSectionHeaderView.m */,
				8C3772691363A356005D9E41 /* CHSectionHeaderView.h */,
				8C37726A1363A356005D9E41 /* CHImageTileView.m */,
				8C37726B1363A356005D9E41 /* CHImageTileView.h */,
				8C37726C1363A356005D9E41 /* CHGridView.m */,
				8C37726D1363A356005D9E41 /* CHGridView.h */,
			);
			path = CHGridView;
			sourceTree = "<group>";
		};
		8C3772581363A2B6005D9E41 /* OHGridView */ = {
			isa = PBXGroup;
			children = (
				8C37725A1363A307005D9E41 /* OHGridView.m */,
				8C37725B1363A307005D9E41 /* OHGridView.h */,
			);
			path = OHGridView;
			sourceTree = "<group>";
		};
		8C3772591363A2C8005D9E41 /* MMGridView */ = {
			isa = PBXGroup;
			children = (
				8C3772631363A339005D9E41 /* MMGridViewDefaultCell.m */,
				8C3772641363A339005D9E41 /* MMGridViewDefaultCell.h */,
				8C37725D1363A32F005D9E41 /* MMGridViewCell.m */,
				8C37725E1363A32F005D9E41 /* MMGridViewCell.h */,
				8C37725F1363A32F005D9E41 /* MMGridView.m */,
				8C3772601363A32F005D9E41 /* MMGridView.h */,
			);
			path = MMGridView;
			sourceTree = "<group>";
		};
		8C3772721363A35F005D9E41 /* CHGridLayout */ = {
			isa = PBXGroup;
			children = (
				8C3772731363A35F005D9E41 /* CHGridLayout.h */,
				8C3772741363A35F005D9E41 /* CHGridLayout.m */,
				8C3772751363A35F005D9E41 /* CHGridLayoutSection.h */,
				8C3772761363A35F005D9E41 /* CHGridLayoutSection.m */,
				8C3772771363A35F005D9E41 /* CHGridLayoutTile.h */,
				8C3772781363A35F005D9E41 /* CHGridLayoutTile.m */,
			);
			path = CHGridLayout;
			sourceTree = "<group>";
		};
/* End PBXGroup section */

/* Begin PBXNativeTarget section */
		8C3772271363A22C005D9E41 /* GridMonster */ = {
			isa = PBXNativeTarget;
			buildConfigurationList = 8C3772491363A22C005D9E41 /* Build configuration list for PBXNativeTarget "GridMonster" */;
			buildPhases = (
				8C3772241363A22C005D9E41 /* Sources */,
				8C3772251363A22C005D9E41 /* Frameworks */,
				8C3772261363A22C005D9E41 /* Resources */,
			);
			buildRules = (
			);
			dependencies = (
			);
			name = GridMonster;
			productName = GridMonster;
			productReference = 8C3772281363A22C005D9E41 /* GridMonster.app */;
			productType = "com.apple.product-type.application";
		};
/* End PBXNativeTarget section */

/* Begin PBXProject section */
		8C37721F1363A22B005D9E41 /* Project object */ = {
			isa = PBXProject;
			attributes = {
				ORGANIZATIONNAME = "Juniper Networks, Inc.";
			};
			buildConfigurationList = 8C3772221363A22B005D9E41 /* Build configuration list for PBXProject "GridMonster" */;
			compatibilityVersion = "Xcode 3.2";
			developmentRegion = English;
			hasScannedForEncodings = 0;
			knownRegions = (
				en,
			);
			mainGroup = 8C37721D1363A22B005D9E41;
			productRefGroup = 8C3772291363A22C005D9E41 /* Products */;
			projectDirPath = "";
			projectRoot = "";
			targets = (
				8C3772271363A22C005D9E41 /* GridMonster */,
			);
		};
/* End PBXProject section */

/* Begin PBXResourcesBuildPhase section */
		8C3772261363A22C005D9E41 /* Resources */ = {
			isa = PBXResourcesBuildPhase;
			buildActionMask = 2147483647;
			files = (
				8C3772371363A22C005D9E41 /* InfoPlist.strings in Resources */,
				8C3772401363A22C005D9E41 /* MainWindow.xib in Resources */,
				8C3772461363A22C005D9E41 /* GridMonsterViewController.xib in Resources */,
			);
			runOnlyForDeploymentPostprocessing = 0;
		};
/* End PBXResourcesBuildPhase section */

/* Begin PBXSourcesBuildPhase section */
		8C3772241363A22C005D9E41 /* Sources */ = {
			isa = PBXSourcesBuildPhase;
			buildActionMask = 2147483647;
			files = (
				8C37723A1363A22C005D9E41 /* main.m in Sources */,
				8C37723D1363A22C005D9E41 /* GridMonsterAppDelegate.m in Sources */,
				8C3772431363A22C005D9E41 /* GridMonsterViewController.m in Sources */,
				8C37725C1363A307005D9E41 /* OHGridView.m in Sources */,
				8C3772611363A32F005D9E41 /* MMGridViewCell.m in Sources */,
				8C3772621363A32F005D9E41 /* MMGridView.m in Sources */,
				8C3772651363A339005D9E41 /* MMGridViewDefaultCell.m in Sources */,
				8C37726E1363A356005D9E41 /* CHTileView.m in Sources */,
				8C37726F1363A356005D9E41 /* CHSectionHeaderView.m in Sources */,
				8C3772701363A356005D9E41 /* CHImageTileView.m in Sources */,
				8C3772711363A356005D9E41 /* CHGridView.m in Sources */,
				8C3772791363A35F005D9E41 /* CHGridLayout.m in Sources */,
				8C37727A1363A35F005D9E41 /* CHGridLayoutSection.m in Sources */,
				8C37727B1363A35F005D9E41 /* CHGridLayoutTile.m in Sources */,
				8C3772931363A372005D9E41 /* UIColor+AQGridView.m in Sources */,
				8C3772941363A372005D9E41 /* NSIndexSet+AQIsSetContiguous.m in Sources */,
				8C3772951363A372005D9E41 /* NSIndexSet+AQIndexesOutsideSet.m in Sources */,
				8C3772961363A372005D9E41 /* AQGridViewUpdateItem.m in Sources */,
				8C3772971363A372005D9E41 /* AQGridViewUpdateInfo.m in Sources */,
				8C3772981363A372005D9E41 /* AQGridViewData.m in Sources */,
				8C3772991363A372005D9E41 /* AQGridViewController.m in Sources */,
				8C37729A1363A372005D9E41 /* AQGridViewCell.m in Sources */,
				8C37729B1363A372005D9E41 /* AQGridViewAnimatorItem.m in Sources */,
				8C37729C1363A372005D9E41 /* AQGridView.m in Sources */,
			);
			runOnlyForDeploymentPostprocessing = 0;
		};
/* End PBXSourcesBuildPhase section */

/* Begin PBXVariantGroup section */
		8C3772351363A22C005D9E41 /* InfoPlist.strings */ = {
			isa = PBXVariantGroup;
			children = (
				8C3772361363A22C005D9E41 /* en */,
			);
			name = InfoPlist.strings;
			sourceTree = "<group>";
		};
		8C37723E1363A22C005D9E41 /* MainWindow.xib */ = {
			isa = PBXVariantGroup;
			children = (
				8C37723F1363A22C005D9E41 /* en */,
			);
			name = MainWindow.xib;
			sourceTree = "<group>";
		};
		8C3772441363A22C005D9E41 /* GridMonsterViewController.xib */ = {
			isa = PBXVariantGroup;
			children = (
				8C3772451363A22C005D9E41 /* en */,
			);
			name = GridMonsterViewController.xib;
			sourceTree = "<group>";
		};
/* End PBXVariantGroup section */

/* Begin XCBuildConfiguration section */
		8C3772471363A22C005D9E41 /* Debug */ = {
			isa = XCBuildConfiguration;
			buildSettings = {
				ARCHS = "$(ARCHS_UNIVERSAL_IPHONE_OS)";
				"CODE_SIGN_IDENTITY[sdk=iphoneos*]" = "iPhone Developer";
				GCC_C_LANGUAGE_STANDARD = gnu99;
				GCC_OPTIMIZATION_LEVEL = 0;
				GCC_PREPROCESSOR_DEFINITIONS = DEBUG;
				GCC_SYMBOLS_PRIVATE_EXTERN = NO;
				GCC_VERSION = com.apple.compilers.llvmgcc42;
				GCC_WARN_ABOUT_RETURN_TYPE = YES;
				GCC_WARN_UNUSED_VARIABLE = YES;
				IPHONEOS_DEPLOYMENT_TARGET = 4.3;
				SDKROOT = iphoneos;
				TARGETED_DEVICE_FAMILY = 2;
			};
			name = Debug;
		};
		8C3772481363A22C005D9E41 /* Release */ = {
			isa = XCBuildConfiguration;
			buildSettings = {
				ARCHS = "$(ARCHS_UNIVERSAL_IPHONE_OS)";
				"CODE_SIGN_IDENTITY[sdk=iphoneos*]" = "iPhone Developer";
				GCC_C_LANGUAGE_STANDARD = gnu99;
				GCC_VERSION = com.apple.compilers.llvmgcc42;
				GCC_WARN_ABOUT_RETURN_TYPE = YES;
				GCC_WARN_UNUSED_VARIABLE = YES;
				IPHONEOS_DEPLOYMENT_TARGET = 4.3;
				OTHER_CFLAGS = "-DNS_BLOCK_ASSERTIONS=1";
				SDKROOT = iphoneos;
				TARGETED_DEVICE_FAMILY = 2;
			};
			name = Release;
		};
		8C37724A1363A22C005D9E41 /* Debug */ = {
			isa = XCBuildConfiguration;
			buildSettings = {
				ALWAYS_SEARCH_USER_PATHS = NO;
				COPY_PHASE_STRIP = NO;
				GCC_DYNAMIC_NO_PIC = NO;
				GCC_PRECOMPILE_PREFIX_HEADER = YES;
				GCC_PREFIX_HEADER = "GridMonster/GridMonster-Prefix.pch";
				INFOPLIST_FILE = "GridMonster/GridMonster-Info.plist";
				PRODUCT_NAME = "$(TARGET_NAME)";
				WRAPPER_EXTENSION = app;
			};
			name = Debug;
		};
		8C37724B1363A22C005D9E41 /* Release */ = {
			isa = XCBuildConfiguration;
			buildSettings = {
				ALWAYS_SEARCH_USER_PATHS = NO;
				COPY_PHASE_STRIP = YES;
				GCC_PRECOMPILE_PREFIX_HEADER = YES;
				GCC_PREFIX_HEADER = "GridMonster/GridMonster-Prefix.pch";
				INFOPLIST_FILE = "GridMonster/GridMonster-Info.plist";
				PRODUCT_NAME = "$(TARGET_NAME)";
				VALIDATE_PRODUCT = YES;
				WRAPPER_EXTENSION = app;
			};
			name = Release;
		};
/* End XCBuildConfiguration section */

/* Begin XCConfigurationList section */
		8C3772221363A22B005D9E41 /* Build configuration list for PBXProject "GridMonster" */ = {
			isa = XCConfigurationList;
			buildConfigurations = (
				8C3772471363A22C005D9E41 /* Debug */,
				8C3772481363A22C005D9E41 /* Release */,
			);
			defaultConfigurationIsVisible = 0;
			defaultConfigurationName = Release;
		};
		8C3772491363A22C005D9E41 /* Build configuration list for PBXNativeTarget "GridMonster" */ = {
			isa = XCConfigurationList;
			buildConfigurations = (
				8C37724A1363A22C005D9E41 /* Debug */,
				8C37724B1363A22C005D9E41 /* Release */,
			);
			defaultConfigurationIsVisible = 0;
			defaultConfigurationName = Release;
		};
/* End XCConfigurationList section */
	};
	rootObject = 8C37721F1363A22B005D9E41 /* Project object */;
}
